// !$*UTF8*$!
{
	archiveVersion = 1;
	classes = {
	};
	objectVersion = 56;
	objects = {

/* Begin PBXBuildFile section */
		EE11855C2B31850800905485 /* LocalFileManager.swift in Sources */ = {isa = PBXBuildFile; fileRef = EE11855B2B31850800905485 /* LocalFileManager.swift */; };
		EE1E62162AF796F6009D6A09 /* HomeView.swift in Sources */ = {isa = PBXBuildFile; fileRef = EE1E62152AF796F6009D6A09 /* HomeView.swift */; };
		EE1E621A2AF79AB9009D6A09 /* CircleButtonView.swift in Sources */ = {isa = PBXBuildFile; fileRef = EE1E62192AF79AB9009D6A09 /* CircleButtonView.swift */; };
		EE1EA0F22AF9907900EE37D0 /* circleButtonAnimationView.swift in Sources */ = {isa = PBXBuildFile; fileRef = EE1EA0F12AF9907900EE37D0 /* circleButtonAnimationView.swift */; };
		EE3138042B2EEDA100741E12 /* CoinImageView.swift in Sources */ = {isa = PBXBuildFile; fileRef = EE3138032B2EEDA100741E12 /* CoinImageView.swift */; };
		EE3138062B2EEFE300741E12 /* CoinImageDataService.swift in Sources */ = {isa = PBXBuildFile; fileRef = EE3138052B2EEFE300741E12 /* CoinImageDataService.swift */; };
		EE3138082B2EF6D400741E12 /* CoinImageViewModel.swift in Sources */ = {isa = PBXBuildFile; fileRef = EE3138072B2EF6D400741E12 /* CoinImageViewModel.swift */; };
		EE3EE3252AFA493F00599262 /* coinModel.swift in Sources */ = {isa = PBXBuildFile; fileRef = EE3EE3242AFA493F00599262 /* coinModel.swift */; };
		EE503E312AFAC07200874B16 /* CoinRowView.swift in Sources */ = {isa = PBXBuildFile; fileRef = EE503E302AFAC07200874B16 /* CoinRowView.swift */; };
		EE503E332AFAC09F00874B16 /* PreviewProvider.swift in Sources */ = {isa = PBXBuildFile; fileRef = EE503E322AFAC09F00874B16 /* PreviewProvider.swift */; };
		EE503E352AFADB7700874B16 /* Double.swift in Sources */ = {isa = PBXBuildFile; fileRef = EE503E342AFADB7700874B16 /* Double.swift */; };
		EE50A0C42B2E48E600836FC1 /* NetworkingManager.swift in Sources */ = {isa = PBXBuildFile; fileRef = EE50A0C32B2E48E600836FC1 /* NetworkingManager.swift */; };
		EE7B1D3D2AF6FEA3006BE224 /* cryptoCrazyApp.swift in Sources */ = {isa = PBXBuildFile; fileRef = EE7B1D3C2AF6FEA3006BE224 /* cryptoCrazyApp.swift */; };
		EE7B1D3F2AF6FEA3006BE224 /* ContentView.swift in Sources */ = {isa = PBXBuildFile; fileRef = EE7B1D3E2AF6FEA3006BE224 /* ContentView.swift */; };
		EE7B1D412AF6FEA3006BE224 /* Assets.xcassets in Resources */ = {isa = PBXBuildFile; fileRef = EE7B1D402AF6FEA3006BE224 /* Assets.xcassets */; };
		EE7B1D442AF6FEA3006BE224 /* Preview Assets.xcassets in Resources */ = {isa = PBXBuildFile; fileRef = EE7B1D432AF6FEA3006BE224 /* Preview Assets.xcassets */; };
		EE7B1D4C2AF6FFF0006BE224 /* colors.swift in Sources */ = {isa = PBXBuildFile; fileRef = EE7B1D4B2AF6FFF0006BE224 /* colors.swift */; };
		EEA9568D2B2B50F400737069 /* coinDataServices.swift in Sources */ = {isa = PBXBuildFile; fileRef = EEA9568C2B2B50F400737069 /* coinDataServices.swift */; };
		EEBB7B072B1A722F00E3AD88 /* HomeViewModel.swift in Sources */ = {isa = PBXBuildFile; fileRef = EEBB7B062B1A722F00E3AD88 /* HomeViewModel.swift */; };
/* End PBXBuildFile section */

/* Begin PBXFileReference section */
		EE11855B2B31850800905485 /* LocalFileManager.swift */ = {isa = PBXFileReference; lastKnownFileType = sourcecode.swift; path = LocalFileManager.swift; sourceTree = "<group>"; };
		EE1E62152AF796F6009D6A09 /* HomeView.swift */ = {isa = PBXFileReference; lastKnownFileType = sourcecode.swift; path = HomeView.swift; sourceTree = "<group>"; };
		EE1E62192AF79AB9009D6A09 /* CircleButtonView.swift */ = {isa = PBXFileReference; lastKnownFileType = sourcecode.swift; path = CircleButtonView.swift; sourceTree = "<group>"; };
		EE1EA0F12AF9907900EE37D0 /* circleButtonAnimationView.swift */ = {isa = PBXFileReference; lastKnownFileType = sourcecode.swift; path = circleButtonAnimationView.swift; sourceTree = "<group>"; };
		EE3138032B2EEDA100741E12 /* CoinImageView.swift */ = {isa = PBXFileReference; lastKnownFileType = sourcecode.swift; path = CoinImageView.swift; sourceTree = "<group>"; };
		EE3138052B2EEFE300741E12 /* CoinImageDataService.swift */ = {isa = PBXFileReference; lastKnownFileType = sourcecode.swift; path = CoinImageDataService.swift; sourceTree = "<group>"; };
		EE3138072B2EF6D400741E12 /* CoinImageViewModel.swift */ = {isa = PBXFileReference; lastKnownFileType = sourcecode.swift; path = CoinImageViewModel.swift; sourceTree = "<group>"; };
		EE3EE3242AFA493F00599262 /* coinModel.swift */ = {isa = PBXFileReference; indentWidth = 5; lastKnownFileType = sourcecode.swift; path = coinModel.swift; sourceTree = "<group>"; };
		EE503E302AFAC07200874B16 /* CoinRowView.swift */ = {isa = PBXFileReference; lastKnownFileType = sourcecode.swift; path = CoinRowView.swift; sourceTree = "<group>"; };
		EE503E322AFAC09F00874B16 /* PreviewProvider.swift */ = {isa = PBXFileReference; lastKnownFileType = sourcecode.swift; path = PreviewProvider.swift; sourceTree = "<group>"; };
		EE503E342AFADB7700874B16 /* Double.swift */ = {isa = PBXFileReference; lastKnownFileType = sourcecode.swift; path = Double.swift; sourceTree = "<group>"; };
		EE50A0C32B2E48E600836FC1 /* NetworkingManager.swift */ = {isa = PBXFileReference; lastKnownFileType = sourcecode.swift; path = NetworkingManager.swift; sourceTree = "<group>"; };
		EE7B1D392AF6FEA3006BE224 /* cryptoCrazy.app */ = {isa = PBXFileReference; explicitFileType = wrapper.application; includeInIndex = 0; path = cryptoCrazy.app; sourceTree = BUILT_PRODUCTS_DIR; };
		EE7B1D3C2AF6FEA3006BE224 /* cryptoCrazyApp.swift */ = {isa = PBXFileReference; lastKnownFileType = sourcecode.swift; path = cryptoCrazyApp.swift; sourceTree = "<group>"; };
		EE7B1D3E2AF6FEA3006BE224 /* ContentView.swift */ = {isa = PBXFileReference; lastKnownFileType = sourcecode.swift; path = ContentView.swift; sourceTree = "<group>"; };
		EE7B1D402AF6FEA3006BE224 /* Assets.xcassets */ = {isa = PBXFileReference; lastKnownFileType = folder.assetcatalog; path = Assets.xcassets; sourceTree = "<group>"; };
		EE7B1D432AF6FEA3006BE224 /* Preview Assets.xcassets */ = {isa = PBXFileReference; lastKnownFileType = folder.assetcatalog; path = "Preview Assets.xcassets"; sourceTree = "<group>"; };
		EE7B1D4B2AF6FFF0006BE224 /* colors.swift */ = {isa = PBXFileReference; lastKnownFileType = sourcecode.swift; path = colors.swift; sourceTree = "<group>"; };
		EEA9568C2B2B50F400737069 /* coinDataServices.swift */ = {isa = PBXFileReference; lastKnownFileType = sourcecode.swift; path = coinDataServices.swift; sourceTree = "<group>"; };
		EEBB7B062B1A722F00E3AD88 /* HomeViewModel.swift */ = {isa = PBXFileReference; lastKnownFileType = sourcecode.swift; path = HomeViewModel.swift; sourceTree = "<group>"; };
/* End PBXFileReference section */

/* Begin PBXFrameworksBuildPhase section */
		EE7B1D362AF6FEA3006BE224 /* Frameworks */ = {
			isa = PBXFrameworksBuildPhase;
			buildActionMask = 2147483647;
			files = (
			);
			runOnlyForDeploymentPostprocessing = 0;
		};
/* End PBXFrameworksBuildPhase section */

/* Begin PBXGroup section */
		EE1E62122AF796B3009D6A09 /* ViewModels */ = {
			isa = PBXGroup;
			children = (
				EEBB7B062B1A722F00E3AD88 /* HomeViewModel.swift */,
			);
			path = ViewModels;
			sourceTree = "<group>";
		};
		EE1E62172AF79A47009D6A09 /* Components */ = {
			isa = PBXGroup;
			children = (
				EE3138022B2EED8700741E12 /* CoinImage */,
				EE1E62182AF79A99009D6A09 /* Circle */,
			);
			path = Components;
			sourceTree = "<group>";
		};
		EE1E62182AF79A99009D6A09 /* Circle */ = {
			isa = PBXGroup;
			children = (
				EE1E62192AF79AB9009D6A09 /* CircleButtonView.swift */,
				EE1EA0F12AF9907900EE37D0 /* circleButtonAnimationView.swift */,
			);
			path = Circle;
			sourceTree = "<group>";
		};
		EE3138022B2EED8700741E12 /* CoinImage */ = {
			isa = PBXGroup;
			children = (
				EE3138032B2EEDA100741E12 /* CoinImageView.swift */,
				EE3138072B2EF6D400741E12 /* CoinImageViewModel.swift */,
			);
			path = CoinImage;
			sourceTree = "<group>";
		};
		EE3EE3232AFA492A00599262 /* models */ = {
			isa = PBXGroup;
			children = (
				EE3EE3242AFA493F00599262 /* coinModel.swift */,
			);
			path = models;
			sourceTree = "<group>";
		};
		EE50A0C22B2E48CC00836FC1 /* Utilities */ = {
			isa = PBXGroup;
			children = (
				EE50A0C32B2E48E600836FC1 /* NetworkingManager.swift */,
				EE11855B2B31850800905485 /* LocalFileManager.swift */,
			);
			path = Utilities;
			sourceTree = "<group>";
		};
		EE7B1D302AF6FEA3006BE224 = {
			isa = PBXGroup;
			children = (
				EE7B1D3B2AF6FEA3006BE224 /* cryptoCrazy */,
				EE7B1D3A2AF6FEA3006BE224 /* Products */,
			);
			sourceTree = "<group>";
		};
		EE7B1D3A2AF6FEA3006BE224 /* Products */ = {
			isa = PBXGroup;
			children = (
				EE7B1D392AF6FEA3006BE224 /* cryptoCrazy.app */,
			);
			name = Products;
			sourceTree = "<group>";
		};
		EE7B1D3B2AF6FEA3006BE224 /* cryptoCrazy */ = {
			isa = PBXGroup;
			children = (
				EEA9568B2B2B50C600737069 /* services */,
				EE50A0C22B2E48CC00836FC1 /* Utilities */,
				EE3EE3232AFA492A00599262 /* models */,
				EEDA87F02AF78E7B00E2AA3F /* Core */,
				EE7B1D4A2AF6FFDE006BE224 /* extensions */,
				EE7B1D3C2AF6FEA3006BE224 /* cryptoCrazyApp.swift */,
				EE7B1D3E2AF6FEA3006BE224 /* ContentView.swift */,
				EE7B1D402AF6FEA3006BE224 /* Assets.xcassets */,
				EE7B1D422AF6FEA3006BE224 /* Preview Content */,
			);
			path = cryptoCrazy;
			sourceTree = "<group>";
		};
		EE7B1D422AF6FEA3006BE224 /* Preview Content */ = {
			isa = PBXGroup;
			children = (
				EE7B1D432AF6FEA3006BE224 /* Preview Assets.xcassets */,
			);
			path = "Preview Content";
			sourceTree = "<group>";
		};
		EE7B1D4A2AF6FFDE006BE224 /* extensions */ = {
			isa = PBXGroup;
			children = (
				EE7B1D4B2AF6FFF0006BE224 /* colors.swift */,
				EE503E342AFADB7700874B16 /* Double.swift */,
				EE503E322AFAC09F00874B16 /* PreviewProvider.swift */,
			);
			path = extensions;
			sourceTree = "<group>";
		};
		EEA9568B2B2B50C600737069 /* services */ = {
			isa = PBXGroup;
			children = (
				EEA9568C2B2B50F400737069 /* coinDataServices.swift */,
				EE3138052B2EEFE300741E12 /* CoinImageDataService.swift */,
			);
			path = services;
			sourceTree = "<group>";
		};
		EEDA87F02AF78E7B00E2AA3F /* Core */ = {
			isa = PBXGroup;
			children = (
				EE1E62172AF79A47009D6A09 /* Components */,
				EEDA87F12AF78E9300E2AA3F /* Home */,
			);
			path = Core;
			sourceTree = "<group>";
		};
		EEDA87F12AF78E9300E2AA3F /* Home */ = {
			isa = PBXGroup;
			children = (
				EE1E62122AF796B3009D6A09 /* ViewModels */,
				EEDA87F22AF78EA000E2AA3F /* Views */,
			);
			path = Home;
			sourceTree = "<group>";
		};
		EEDA87F22AF78EA000E2AA3F /* Views */ = {
			isa = PBXGroup;
			children = (
				EE1E62152AF796F6009D6A09 /* HomeView.swift */,
				EE503E302AFAC07200874B16 /* CoinRowView.swift */,
			);
			path = Views;
			sourceTree = "<group>";
		};
/* End PBXGroup section */

/* Begin PBXNativeTarget section */
		EE7B1D382AF6FEA3006BE224 /* cryptoCrazy */ = {
			isa = PBXNativeTarget;
			buildConfigurationList = EE7B1D472AF6FEA3006BE224 /* Build configuration list for PBXNativeTarget "cryptoCrazy" */;
			buildPhases = (
				EE7B1D352AF6FEA3006BE224 /* Sources */,
				EE7B1D362AF6FEA3006BE224 /* Frameworks */,
				EE7B1D372AF6FEA3006BE224 /* Resources */,
			);
			buildRules = (
			);
			dependencies = (
			);
			name = cryptoCrazy;
			productName = cryptoCrazy;
			productReference = EE7B1D392AF6FEA3006BE224 /* cryptoCrazy.app */;
			productType = "com.apple.product-type.application";
		};
/* End PBXNativeTarget section */

/* Begin PBXProject section */
		EE7B1D312AF6FEA3006BE224 /* Project object */ = {
			isa = PBXProject;
			attributes = {
				BuildIndependentTargetsInParallel = 1;
				LastSwiftUpdateCheck = 1430;
				LastUpgradeCheck = 1430;
				TargetAttributes = {
					EE7B1D382AF6FEA3006BE224 = {
						CreatedOnToolsVersion = 14.3.1;
					};
				};
			};
			buildConfigurationList = EE7B1D342AF6FEA3006BE224 /* Build configuration list for PBXProject "cryptoCrazy" */;
			compatibilityVersion = "Xcode 14.0";
			developmentRegion = en;
			hasScannedForEncodings = 0;
			knownRegions = (
				en,
				Base,
			);
			mainGroup = EE7B1D302AF6FEA3006BE224;
			productRefGroup = EE7B1D3A2AF6FEA3006BE224 /* Products */;
			projectDirPath = "";
			projectRoot = "";
			targets = (
				EE7B1D382AF6FEA3006BE224 /* cryptoCrazy */,
			);
		};
/* End PBXProject section */

/* Begin PBXResourcesBuildPhase section */
		EE7B1D372AF6FEA3006BE224 /* Resources */ = {
			isa = PBXResourcesBuildPhase;
			buildActionMask = 2147483647;
			files = (
				EE7B1D442AF6FEA3006BE224 /* Preview Assets.xcassets in Resources */,
				EE7B1D412AF6FEA3006BE224 /* Assets.xcassets in Resources */,
			);
			runOnlyForDeploymentPostprocessing = 0;
		};
/* End PBXResourcesBuildPhase section */

/* Begin PBXSourcesBuildPhase section */
		EE7B1D352AF6FEA3006BE224 /* Sources */ = {
			isa = PBXSourcesBuildPhase;
			buildActionMask = 2147483647;
			files = (
				EE503E312AFAC07200874B16 /* CoinRowView.swift in Sources */,
				EEBB7B072B1A722F00E3AD88 /* HomeViewModel.swift in Sources */,
				EE3EE3252AFA493F00599262 /* coinModel.swift in Sources */,
				EE7B1D3F2AF6FEA3006BE224 /* ContentView.swift in Sources */,
				EE11855C2B31850800905485 /* LocalFileManager.swift in Sources */,
				EEA9568D2B2B50F400737069 /* coinDataServices.swift in Sources */,
				EE3138042B2EEDA100741E12 /* CoinImageView.swift in Sources */,
				EE1E62162AF796F6009D6A09 /* HomeView.swift in Sources */,
				EE7B1D4C2AF6FFF0006BE224 /* colors.swift in Sources */,
				EE1E621A2AF79AB9009D6A09 /* CircleButtonView.swift in Sources */,
				EE50A0C42B2E48E600836FC1 /* NetworkingManager.swift in Sources */,
				EE7B1D3D2AF6FEA3006BE224 /* cryptoCrazyApp.swift in Sources */,
				EE3138082B2EF6D400741E12 /* CoinImageViewModel.swift in Sources */,
				EE503E332AFAC09F00874B16 /* PreviewProvider.swift in Sources */,
				EE3138062B2EEFE300741E12 /* CoinImageDataService.swift in Sources */,
				EE503E352AFADB7700874B16 /* Double.swift in Sources */,
				EE1EA0F22AF9907900EE37D0 /* circleButtonAnimationView.swift in Sources */,
			);
			runOnlyForDeploymentPostprocessing = 0;
		};
/* End PBXSourcesBuildPhase section */

/* Begin XCBuildConfiguration section */
		EE7B1D452AF6FEA3006BE224 /* Debug */ = {
			isa = XCBuildConfiguration;
			buildSettings = {
				ALWAYS_SEARCH_USER_PATHS = NO;
				CLANG_ANALYZER_NONNULL = YES;
				CLANG_ANALYZER_NUMBER_OBJECT_CONVERSION = YES_AGGRESSIVE;
				CLANG_CXX_LANGUAGE_STANDARD = "gnu++20";
				CLANG_ENABLE_MODULES = YES;
				CLANG_ENABLE_OBJC_ARC = YES;
				CLANG_ENABLE_OBJC_WEAK = YES;
				CLANG_WARN_BLOCK_CAPTURE_AUTORELEASING = YES;
				CLANG_WARN_BOOL_CONVERSION = YES;
				CLANG_WARN_COMMA = YES;
				CLANG_WARN_CONSTANT_CONVERSION = YES;
				CLANG_WARN_DEPRECATED_OBJC_IMPLEMENTATIONS = YES;
				CLANG_WARN_DIRECT_OBJC_ISA_USAGE = YES_ERROR;
				CLANG_WARN_DOCUMENTATION_COMMENTS = YES;
				CLANG_WARN_EMPTY_BODY = YES;
				CLANG_WARN_ENUM_CONVERSION = YES;
				CLANG_WARN_INFINITE_RECURSION = YES;
				CLANG_WARN_INT_CONVERSION = YES;
				CLANG_WARN_NON_LITERAL_NULL_CONVERSION = YES;
				CLANG_WARN_OBJC_IMPLICIT_RETAIN_SELF = YES;
				CLANG_WARN_OBJC_LITERAL_CONVERSION = YES;
				CLANG_WARN_OBJC_ROOT_CLASS = YES_ERROR;
				CLANG_WARN_QUOTED_INCLUDE_IN_FRAMEWORK_HEADER = YES;
				CLANG_WARN_RANGE_LOOP_ANALYSIS = YES;
				CLANG_WARN_STRICT_PROTOTYPES = YES;
				CLANG_WARN_SUSPICIOUS_MOVE = YES;
				CLANG_WARN_UNGUARDED_AVAILABILITY = YES_AGGRESSIVE;
				CLANG_WARN_UNREACHABLE_CODE = YES;
				CLANG_WARN__DUPLICATE_METHOD_MATCH = YES;
				COPY_PHASE_STRIP = NO;
				DEBUG_INFORMATION_FORMAT = dwarf;
				ENABLE_STRICT_OBJC_MSGSEND = YES;
				ENABLE_TESTABILITY = YES;
				GCC_C_LANGUAGE_STANDARD = gnu11;
				GCC_DYNAMIC_NO_PIC = NO;
				GCC_NO_COMMON_BLOCKS = YES;
				GCC_OPTIMIZATION_LEVEL = 0;
				GCC_PREPROCESSOR_DEFINITIONS = (
					"DEBUG=1",
					"$(inherited)",
				);
				GCC_WARN_64_TO_32_BIT_CONVERSION = YES;
				GCC_WARN_ABOUT_RETURN_TYPE = YES_ERROR;
				GCC_WARN_UNDECLARED_SELECTOR = YES;
				GCC_WARN_UNINITIALIZED_AUTOS = YES_AGGRESSIVE;
				GCC_WARN_UNUSED_FUNCTION = YES;
				GCC_WARN_UNUSED_VARIABLE = YES;
				IPHONEOS_DEPLOYMENT_TARGET = 16.4;
				MTL_ENABLE_DEBUG_INFO = INCLUDE_SOURCE;
				MTL_FAST_MATH = YES;
				ONLY_ACTIVE_ARCH = YES;
				SDKROOT = iphoneos;
				SWIFT_ACTIVE_COMPILATION_CONDITIONS = DEBUG;
				SWIFT_OPTIMIZATION_LEVEL = "-Onone";
			};
			name = Debug;
		};
		EE7B1D462AF6FEA3006BE224 /* Release */ = {
			isa = XCBuildConfiguration;
			buildSettings = {
				ALWAYS_SEARCH_USER_PATHS = NO;
				CLANG_ANALYZER_NONNULL = YES;
				CLANG_ANALYZER_NUMBER_OBJECT_CONVERSION = YES_AGGRESSIVE;
				CLANG_CXX_LANGUAGE_STANDARD = "gnu++20";
				CLANG_ENABLE_MODULES = YES;
				CLANG_ENABLE_OBJC_ARC = YES;
				CLANG_ENABLE_OBJC_WEAK = YES;
				CLANG_WARN_BLOCK_CAPTURE_AUTORELEASING = YES;
				CLANG_WARN_BOOL_CONVERSION = YES;
				CLANG_WARN_COMMA = YES;
				CLANG_WARN_CONSTANT_CONVERSION = YES;
				CLANG_WARN_DEPRECATED_OBJC_IMPLEMENTATIONS = YES;
				CLANG_WARN_DIRECT_OBJC_ISA_USAGE = YES_ERROR;
				CLANG_WARN_DOCUMENTATION_COMMENTS = YES;
				CLANG_WARN_EMPTY_BODY = YES;
				CLANG_WARN_ENUM_CONVERSION = YES;
				CLANG_WARN_INFINITE_RECURSION = YES;
				CLANG_WARN_INT_CONVERSION = YES;
				CLANG_WARN_NON_LITERAL_NULL_CONVERSION = YES;
				CLANG_WARN_OBJC_IMPLICIT_RETAIN_SELF = YES;
				CLANG_WARN_OBJC_LITERAL_CONVERSION = YES;
				CLANG_WARN_OBJC_ROOT_CLASS = YES_ERROR;
				CLANG_WARN_QUOTED_INCLUDE_IN_FRAMEWORK_HEADER = YES;
				CLANG_WARN_RANGE_LOOP_ANALYSIS = YES;
				CLANG_WARN_STRICT_PROTOTYPES = YES;
				CLANG_WARN_SUSPICIOUS_MOVE = YES;
				CLANG_WARN_UNGUARDED_AVAILABILITY = YES_AGGRESSIVE;
				CLANG_WARN_UNREACHABLE_CODE = YES;
				CLANG_WARN__DUPLICATE_METHOD_MATCH = YES;
				COPY_PHASE_STRIP = NO;
				DEBUG_INFORMATION_FORMAT = "dwarf-with-dsym";
				ENABLE_NS_ASSERTIONS = NO;
				ENABLE_STRICT_OBJC_MSGSEND = YES;
				GCC_C_LANGUAGE_STANDARD = gnu11;
				GCC_NO_COMMON_BLOCKS = YES;
				GCC_WARN_64_TO_32_BIT_CONVERSION = YES;
				GCC_WARN_ABOUT_RETURN_TYPE = YES_ERROR;
				GCC_WARN_UNDECLARED_SELECTOR = YES;
				GCC_WARN_UNINITIALIZED_AUTOS = YES_AGGRESSIVE;
				GCC_WARN_UNUSED_FUNCTION = YES;
				GCC_WARN_UNUSED_VARIABLE = YES;
				IPHONEOS_DEPLOYMENT_TARGET = 16.4;
				MTL_ENABLE_DEBUG_INFO = NO;
				MTL_FAST_MATH = YES;
				SDKROOT = iphoneos;
				SWIFT_COMPILATION_MODE = wholemodule;
				SWIFT_OPTIMIZATION_LEVEL = "-O";
				VALIDATE_PRODUCT = YES;
			};
			name = Release;
		};
		EE7B1D482AF6FEA3006BE224 /* Debug */ = {
			isa = XCBuildConfiguration;
			buildSettings = {
				ASSETCATALOG_COMPILER_APPICON_NAME = AppIcon;
				ASSETCATALOG_COMPILER_GLOBAL_ACCENT_COLOR_NAME = AccentColor;
				CODE_SIGN_STYLE = Automatic;
				CURRENT_PROJECT_VERSION = 1;
				DEVELOPMENT_ASSET_PATHS = "\"cryptoCrazy/Preview Content\"";
				DEVELOPMENT_TEAM = 93TA7AZTCY;
				ENABLE_PREVIEWS = YES;
				GENERATE_INFOPLIST_FILE = YES;
				INFOPLIST_KEY_UIApplicationSceneManifest_Generation = YES;
				INFOPLIST_KEY_UIApplicationSupportsIndirectInputEvents = YES;
				INFOPLIST_KEY_UILaunchScreen_Generation = YES;
				INFOPLIST_KEY_UISupportedInterfaceOrientations = UIInterfaceOrientationPortrait;
				INFOPLIST_KEY_UISupportedInterfaceOrientations_iPad = "UIInterfaceOrientationLandscapeLeft UIInterfaceOrientationLandscapeRight UIInterfaceOrientationPortrait UIInterfaceOrientationPortraitUpsideDown";
				LD_RUNPATH_SEARCH_PATHS = (
					"$(inherited)",
					"@executable_path/Frameworks",
				);
				MARKETING_VERSION = 1.0;
				PRODUCT_BUNDLE_IDENTIFIER = "com.salihkocat-rk.cryptoCrazy";
				PRODUCT_NAME = "$(TARGET_NAME)";
				SWIFT_EMIT_LOC_STRINGS = YES;
				SWIFT_VERSION = 5.0;
				TARGETED_DEVICE_FAMILY = "1,2";
			};
			name = Debug;
		};
		EE7B1D492AF6FEA3006BE224 /* Release */ = {
			isa = XCBuildConfiguration;
			buildSettings = {
				ASSETCATALOG_COMPILER_APPICON_NAME = AppIcon;
				ASSETCATALOG_COMPILER_GLOBAL_ACCENT_COLOR_NAME = AccentColor;
				CODE_SIGN_STYLE = Automatic;
				CURRENT_PROJECT_VERSION = 1;
				DEVELOPMENT_ASSET_PATHS = "\"cryptoCrazy/Preview Content\"";
				DEVELOPMENT_TEAM = 93TA7AZTCY;
				ENABLE_PREVIEWS = YES;
				GENERATE_INFOPLIST_FILE = YES;
				INFOPLIST_KEY_UIApplicationSceneManifest_Generation = YES;
				INFOPLIST_KEY_UIApplicationSupportsIndirectInputEvents = YES;
				INFOPLIST_KEY_UILaunchScreen_Generation = YES;
				INFOPLIST_KEY_UISupportedInterfaceOrientations = UIInterfaceOrientationPortrait;
				INFOPLIST_KEY_UISupportedInterfaceOrientations_iPad = "UIInterfaceOrientationLandscapeLeft UIInterfaceOrientationLandscapeRight UIInterfaceOrientationPortrait UIInterfaceOrientationPortraitUpsideDown";
				LD_RUNPATH_SEARCH_PATHS = (
					"$(inherited)",
					"@executable_path/Frameworks",
				);
				MARKETING_VERSION = 1.0;
				PRODUCT_BUNDLE_IDENTIFIER = "com.salihkocat-rk.cryptoCrazy";
				PRODUCT_NAME = "$(TARGET_NAME)";
				SWIFT_EMIT_LOC_STRINGS = YES;
				SWIFT_VERSION = 5.0;
				TARGETED_DEVICE_FAMILY = "1,2";
			};
			name = Release;
		};
/* End XCBuildConfiguration section */

/* Begin XCConfigurationList section */
		EE7B1D342AF6FEA3006BE224 /* Build configuration list for PBXProject "cryptoCrazy" */ = {
			isa = XCConfigurationList;
			buildConfigurations = (
				EE7B1D452AF6FEA3006BE224 /* Debug */,
				EE7B1D462AF6FEA3006BE224 /* Release */,
			);
			defaultConfigurationIsVisible = 0;
			defaultConfigurationName = Release;
		};
		EE7B1D472AF6FEA3006BE224 /* Build configuration list for PBXNativeTarget "cryptoCrazy" */ = {
			isa = XCConfigurationList;
			buildConfigurations = (
				EE7B1D482AF6FEA3006BE224 /* Debug */,
				EE7B1D492AF6FEA3006BE224 /* Release */,
			);
			defaultConfigurationIsVisible = 0;
			defaultConfigurationName = Release;
		};
/* End XCConfigurationList section */
	};
	rootObject = EE7B1D312AF6FEA3006BE224 /* Project object */;
}
